
Microsoft Visual Studio Solution File, Format Version 12.00
# Visual Studio Version 17
VisualStudioVersion = 17.4.33213.308
MinimumVisualStudioVersion = 10.0.40219.1
Project("{FAE04EC0-301F-11D3-BF4B-00C04F79EFBC}") = "Class-Train-1", "Class-Train-1\Class-Train-1.csproj", "{B9D60116-4D98-4DCD-B2AD-A77545FA8E7C}"
EndProject
Project("{FAE04EC0-301F-11D3-BF4B-00C04F79EFBC}") = "Class-Train-2", "Class-Train-2\Class-Train-2.csproj", "{B32530F9-3792-4E5B-9375-97D21A1FED1A}"
EndProject
Project("{FAE04EC0-301F-11D3-BF4B-00C04F79EFBC}") = "Class-Train-2-test", "Class-Train-2-test\Class-Train-2-test.csproj", "{4A5351A6-1A3A-409B-8772-ACC5C4289F30}"
EndProject
Global
	GlobalSection(SolutionConfigurationPlatforms) = preSolution
		Debug|Any CPU = Debug|Any CPU
		Release|Any CPU = Release|Any CPU
	EndGlobalSection
	GlobalSection(ProjectConfigurationPlatforms) = postSolution
		{B9D60116-4D98-4DCD-B2AD-A77545FA8E7C}.Debug|Any CPU.ActiveCfg = Debug|Any CPU
		{B9D60116-4D98-4DCD-B2AD-A77545FA8E7C}.Debug|Any CPU.Build.0 = Debug|Any CPU
		{B9D60116-4D98-4DCD-B2AD-A77545FA8E7C}.Release|Any CPU.ActiveCfg = Release|Any CPU
		{B9D60116-4D98-4DCD-B2AD-A77545FA8E7C}.Release|Any CPU.Build.0 = Release|Any CPU
		{B32530F9-3792-4E5B-9375-97D21A1FED1A}.Debug|Any CPU.ActiveCfg = Debug|Any CPU
		{B32530F9-3792-4E5B-9375-97D21A1FED1A}.Debug|Any CPU.Build.0 = Debug|Any CPU
		{B32530F9-3792-4E5B-9375-97D21A1FED1A}.Release|Any CPU.ActiveCfg = Release|Any CPU
		{B32530F9-3792-4E5B-9375-97D21A1FED1A}.Release|Any CPU.Build.0 = Release|Any CPU
		{4A5351A6-1A3A-409B-8772-ACC5C4289F30}.Debug|Any CPU.ActiveCfg = Debug|Any CPU
		{4A5351A6-1A3A-409B-8772-ACC5C4289F30}.Debug|Any CPU.Build.0 = Debug|Any CPU
		{4A5351A6-1A3A-409B-8772-ACC5C4289F30}.Release|Any CPU.ActiveCfg = Release|Any CPU
		{4A5351A6-1A3A-409B-8772-ACC5C4289F30}.Release|Any CPU.Build.0 = Release|Any CPU
	EndGlobalSection
	GlobalSection(SolutionProperties) = preSolution
		HideSolutionNode = FALSE
	EndGlobalSection
	GlobalSection(ExtensibilityGlobals) = postSolution
		SolutionGuid = {403E066A-49C9-4C59-B9C5-E65AB1BE97E2}
	EndGlobalSection
EndGlobal
